
Microsoft Visual Studio Solution File, Format Version 11.00
# Visual Studio 2010
Project("{FAE04EC0-301F-11D3-BF4B-00C04F79EFBC}") = "ArcStrabo", "ArcStrabo\ArcStrabo.csproj", "{AB406C74-CC21-4269-B84B-3EA72E572A4C}"
EndProject
Project("{FAE04EC0-301F-11D3-BF4B-00C04F79EFBC}") = "Strabo.Core", "Strabo.Core\Strabo.Core.csproj", "{66819AF4-B1ED-4138-96C6-F2BF2A77CC3E}"
EndProject
Project("{FAE04EC0-301F-11D3-BF4B-00C04F79EFBC}") = "Strabo.Test", "Strabo.Test\Strabo.Test.csproj", "{D2135150-5126-4755-91C9-28FD2DB508FF}"
EndProject
Project("{FAE04EC0-301F-11D3-BF4B-00C04F79EFBC}") = "KMeans", "KMeans\KMeans.csproj", "{E5AC138A-4968-4486-82DA-4D0D10F3337F}"
EndProject
Project("{FAE04EC0-301F-11D3-BF4B-00C04F79EFBC}") = "ArcStrabo10", "ArcStrabo10\ArcStrabo10.csproj", "{06D6D5A0-582C-418E-A5AA-5F637AF70DF5}"
EndProject
Global
	GlobalSection(SolutionConfigurationPlatforms) = preSolution
		Debug|Any CPU = Debug|Any CPU
		Debug|Mixed Platforms = Debug|Mixed Platforms
		Debug|x64 = Debug|x64
		Debug|x86 = Debug|x86
		Release|Any CPU = Release|Any CPU
		Release|Mixed Platforms = Release|Mixed Platforms
		Release|x64 = Release|x64
		Release|x86 = Release|x86
	EndGlobalSection
	GlobalSection(ProjectConfigurationPlatforms) = postSolution
		{AB406C74-CC21-4269-B84B-3EA72E572A4C}.Debug|Any CPU.ActiveCfg = Debug|Any CPU
		{AB406C74-CC21-4269-B84B-3EA72E572A4C}.Debug|Any CPU.Build.0 = Debug|Any CPU
		{AB406C74-CC21-4269-B84B-3EA72E572A4C}.Debug|Mixed Platforms.ActiveCfg = Debug|Any CPU
		{AB406C74-CC21-4269-B84B-3EA72E572A4C}.Debug|Mixed Platforms.Build.0 = Debug|Any CPU
		{AB406C74-CC21-4269-B84B-3EA72E572A4C}.Debug|x64.ActiveCfg = Debug|x64
		{AB406C74-CC21-4269-B84B-3EA72E572A4C}.Debug|x64.Build.0 = Debug|x64
		{AB406C74-CC21-4269-B84B-3EA72E572A4C}.Debug|x86.ActiveCfg = Debug|x86
		{AB406C74-CC21-4269-B84B-3EA72E572A4C}.Debug|x86.Build.0 = Debug|x86
		{AB406C74-CC21-4269-B84B-3EA72E572A4C}.Release|Any CPU.ActiveCfg = Release|Any CPU
		{AB406C74-CC21-4269-B84B-3EA72E572A4C}.Release|Any CPU.Build.0 = Release|Any CPU
		{AB406C74-CC21-4269-B84B-3EA72E572A4C}.Release|Mixed Platforms.ActiveCfg = Release|x64
		{AB406C74-CC21-4269-B84B-3EA72E572A4C}.Release|Mixed Platforms.Build.0 = Release|x64
		{AB406C74-CC21-4269-B84B-3EA72E572A4C}.Release|x64.ActiveCfg = Release|x64
		{AB406C74-CC21-4269-B84B-3EA72E572A4C}.Release|x64.Build.0 = Release|x64
		{AB406C74-CC21-4269-B84B-3EA72E572A4C}.Release|x86.ActiveCfg = Release|x86
		{AB406C74-CC21-4269-B84B-3EA72E572A4C}.Release|x86.Build.0 = Release|x86
		{66819AF4-B1ED-4138-96C6-F2BF2A77CC3E}.Debug|Any CPU.ActiveCfg = Debug|Any CPU
		{66819AF4-B1ED-4138-96C6-F2BF2A77CC3E}.Debug|Any CPU.Build.0 = Debug|Any CPU
		{66819AF4-B1ED-4138-96C6-F2BF2A77CC3E}.Debug|Mixed Platforms.ActiveCfg = Debug|Any CPU
		{66819AF4-B1ED-4138-96C6-F2BF2A77CC3E}.Debug|Mixed Platforms.Build.0 = Debug|Any CPU
		{66819AF4-B1ED-4138-96C6-F2BF2A77CC3E}.Debug|x64.ActiveCfg = Debug|x64
		{66819AF4-B1ED-4138-96C6-F2BF2A77CC3E}.Debug|x64.Build.0 = Debug|x64
		{66819AF4-B1ED-4138-96C6-F2BF2A77CC3E}.Debug|x86.ActiveCfg = Debug|x86
		{66819AF4-B1ED-4138-96C6-F2BF2A77CC3E}.Debug|x86.Build.0 = Debug|x86
		{66819AF4-B1ED-4138-96C6-F2BF2A77CC3E}.Release|Any CPU.ActiveCfg = Release|Any CPU
		{66819AF4-B1ED-4138-96C6-F2BF2A77CC3E}.Release|Any CPU.Build.0 = Release|Any CPU
		{66819AF4-B1ED-4138-96C6-F2BF2A77CC3E}.Release|Mixed Platforms.ActiveCfg = Release|Any CPU
		{66819AF4-B1ED-4138-96C6-F2BF2A77CC3E}.Release|Mixed Platforms.Build.0 = Release|Any CPU
		{66819AF4-B1ED-4138-96C6-F2BF2A77CC3E}.Release|x64.ActiveCfg = Release|x64
		{66819AF4-B1ED-4138-96C6-F2BF2A77CC3E}.Release|x64.Build.0 = Release|x64
		{66819AF4-B1ED-4138-96C6-F2BF2A77CC3E}.Release|x86.ActiveCfg = Release|x86
		{66819AF4-B1ED-4138-96C6-F2BF2A77CC3E}.Release|x86.Build.0 = Release|x86
		{D2135150-5126-4755-91C9-28FD2DB508FF}.Debug|Any CPU.ActiveCfg = Debug|Any CPU
		{D2135150-5126-4755-91C9-28FD2DB508FF}.Debug|Any CPU.Build.0 = Debug|Any CPU
		{D2135150-5126-4755-91C9-28FD2DB508FF}.Debug|Mixed Platforms.ActiveCfg = Debug|Any CPU
		{D2135150-5126-4755-91C9-28FD2DB508FF}.Debug|Mixed Platforms.Build.0 = Debug|Any CPU
		{D2135150-5126-4755-91C9-28FD2DB508FF}.Debug|x64.ActiveCfg = Debug|x64
		{D2135150-5126-4755-91C9-28FD2DB508FF}.Debug|x64.Build.0 = Debug|x64
		{D2135150-5126-4755-91C9-28FD2DB508FF}.Debug|x86.ActiveCfg = Debug|x86
		{D2135150-5126-4755-91C9-28FD2DB508FF}.Debug|x86.Build.0 = Debug|x86
		{D2135150-5126-4755-91C9-28FD2DB508FF}.Release|Any CPU.ActiveCfg = Release|Any CPU
		{D2135150-5126-4755-91C9-28FD2DB508FF}.Release|Any CPU.Build.0 = Release|Any CPU
		{D2135150-5126-4755-91C9-28FD2DB508FF}.Release|Mixed Platforms.ActiveCfg = Release|Any CPU
		{D2135150-5126-4755-91C9-28FD2DB508FF}.Release|Mixed Platforms.Build.0 = Release|Any CPU
		{D2135150-5126-4755-91C9-28FD2DB508FF}.Release|x64.ActiveCfg = Release|x64
		{D2135150-5126-4755-91C9-28FD2DB508FF}.Release|x64.Build.0 = Release|x64
		{D2135150-5126-4755-91C9-28FD2DB508FF}.Release|x86.ActiveCfg = Release|x86
		{D2135150-5126-4755-91C9-28FD2DB508FF}.Release|x86.Build.0 = Release|x86
		{E5AC138A-4968-4486-82DA-4D0D10F3337F}.Debug|Any CPU.ActiveCfg = Debug|Any CPU
		{E5AC138A-4968-4486-82DA-4D0D10F3337F}.Debug|Any CPU.Build.0 = Debug|Any CPU
		{E5AC138A-4968-4486-82DA-4D0D10F3337F}.Debug|Mixed Platforms.ActiveCfg = Debug|Any CPU
		{E5AC138A-4968-4486-82DA-4D0D10F3337F}.Debug|Mixed Platforms.Build.0 = Debug|Any CPU
		{E5AC138A-4968-4486-82DA-4D0D10F3337F}.Debug|x64.ActiveCfg = Debug|x64
		{E5AC138A-4968-4486-82DA-4D0D10F3337F}.Debug|x64.Build.0 = Debug|x64
		{E5AC138A-4968-4486-82DA-4D0D10F3337F}.Debug|x86.ActiveCfg = Debug|x86
		{E5AC138A-4968-4486-82DA-4D0D10F3337F}.Debug|x86.Build.0 = Debug|x86
		{E5AC138A-4968-4486-82DA-4D0D10F3337F}.Release|Any CPU.ActiveCfg = Release|Any CPU
		{E5AC138A-4968-4486-82DA-4D0D10F3337F}.Release|Any CPU.Build.0 = Release|Any CPU
		{E5AC138A-4968-4486-82DA-4D0D10F3337F}.Release|Mixed Platforms.ActiveCfg = Release|x64
		{E5AC138A-4968-4486-82DA-4D0D10F3337F}.Release|Mixed Platforms.Build.0 = Release|x64
		{E5AC138A-4968-4486-82DA-4D0D10F3337F}.Release|x64.ActiveCfg = Release|x64
		{E5AC138A-4968-4486-82DA-4D0D10F3337F}.Release|x64.Build.0 = Release|x64
		{E5AC138A-4968-4486-82DA-4D0D10F3337F}.Release|x86.ActiveCfg = Release|x86
		{E5AC138A-4968-4486-82DA-4D0D10F3337F}.Release|x86.Build.0 = Release|x86
		{06D6D5A0-582C-418E-A5AA-5F637AF70DF5}.Debug|Any CPU.ActiveCfg = Debug|Any CPU
		{06D6D5A0-582C-418E-A5AA-5F637AF70DF5}.Debug|Any CPU.Build.0 = Debug|Any CPU
		{06D6D5A0-582C-418E-A5AA-5F637AF70DF5}.Debug|Mixed Platforms.ActiveCfg = Debug|Any CPU
		{06D6D5A0-582C-418E-A5AA-5F637AF70DF5}.Debug|Mixed Platforms.Build.0 = Debug|Any CPU
		{06D6D5A0-582C-418E-A5AA-5F637AF70DF5}.Debug|x64.ActiveCfg = Debug|Any CPU
		{06D6D5A0-582C-418E-A5AA-5F637AF70DF5}.Debug|x86.ActiveCfg = Debug|Any CPU
		{06D6D5A0-582C-418E-A5AA-5F637AF70DF5}.Release|Any CPU.ActiveCfg = Release|Any CPU
		{06D6D5A0-582C-418E-A5AA-5F637AF70DF5}.Release|Any CPU.Build.0 = Release|Any CPU
		{06D6D5A0-582C-418E-A5AA-5F637AF70DF5}.Release|Mixed Platforms.ActiveCfg = Release|Any CPU
		{06D6D5A0-582C-418E-A5AA-5F637AF70DF5}.Release|Mixed Platforms.Build.0 = Release|Any CPU
		{06D6D5A0-582C-418E-A5AA-5F637AF70DF5}.Release|x64.ActiveCfg = Release|Any CPU
		{06D6D5A0-582C-418E-A5AA-5F637AF70DF5}.Release|x86.ActiveCfg = Release|Any CPU
	EndGlobalSection
	GlobalSection(SolutionProperties) = preSolution
		HideSolutionNode = FALSE
	EndGlobalSection
EndGlobal
